
Microsoft Visual Studio Solution File, Format Version 12.00
# Visual Studio Version 16
VisualStudioVersion = 16.0.30804.86
MinimumVisualStudioVersion = 10.0.40219.1
Project("{FAE04EC0-301F-11D3-BF4B-00C04F79EFBC}") = "TheWatch", "ConsoleApp1\TheWatch.csproj", "{7BDF5E82-DA58-40F0-A417-F7698751C37F}"
	ProjectSection(ProjectDependencies) = postProject
		{9662A072-52A5-4300-98D6-7077A05790F5} = {9662A072-52A5-4300-98D6-7077A05790F5}
	EndProjectSection
EndProject
Project("{FAE04EC0-301F-11D3-BF4B-00C04F79EFBC}") = "TheWatchLibrary", "TheWatchLibrary\TheWatchLibrary.csproj", "{9662A072-52A5-4300-98D6-7077A05790F5}"
EndProject
Global
	GlobalSection(SolutionConfigurationPlatforms) = preSolution
		Debug|Any CPU = Debug|Any CPU
		Release|Any CPU = Release|Any CPU
	EndGlobalSection
	GlobalSection(ProjectConfigurationPlatforms) = postSolution
		{7BDF5E82-DA58-40F0-A417-F7698751C37F}.Debug|Any CPU.ActiveCfg = Debug|Any CPU
		{7BDF5E82-DA58-40F0-A417-F7698751C37F}.Debug|Any CPU.Build.0 = Debug|Any CPU
		{7BDF5E82-DA58-40F0-A417-F7698751C37F}.Release|Any CPU.ActiveCfg = Release|Any CPU
		{7BDF5E82-DA58-40F0-A417-F7698751C37F}.Release|Any CPU.Build.0 = Release|Any CPU
		{9662A072-52A5-4300-98D6-7077A05790F5}.Debug|Any CPU.ActiveCfg = Debug|Any CPU
		{9662A072-52A5-4300-98D6-7077A05790F5}.Debug|Any CPU.Build.0 = Debug|Any CPU
		{9662A072-52A5-4300-98D6-7077A05790F5}.Release|Any CPU.ActiveCfg = Release|Any CPU
		{9662A072-52A5-4300-98D6-7077A05790F5}.Release|Any CPU.Build.0 = Release|Any CPU
	EndGlobalSection
	GlobalSection(SolutionProperties) = preSolution
		HideSolutionNode = FALSE
	EndGlobalSection
	GlobalSection(ExtensibilityGlobals) = postSolution
		SolutionGuid = {97DBF854-2665-40E7-B3A0-0FC1732AC482}
	EndGlobalSection
EndGlobal
